
Microsoft Visual Studio Solution File, Format Version 12.00
# Visual Studio 14
VisualStudioVersion = 14.0.24720.0
MinimumVisualStudioVersion = 10.0.40219.1
Project("{FAE04EC0-301F-11D3-BF4B-00C04F79EFBC}") = "01. Numbers from 1 to N", "01. Numbers from 1 to N\01. Numbers from 1 to N.csproj", "{FA6B2A65-495E-45E2-B621-F0823AF5D012}"
EndProject
Project("{FAE04EC0-301F-11D3-BF4B-00C04F79EFBC}") = "02. Not Divisible Numbers", "02. Not Divisible Numbers\02. Not Divisible Numbers.csproj", "{E51EE186-D0AD-4913-BFE7-93D5FAB9E4A9}"
EndProject
Project("{FAE04EC0-301F-11D3-BF4B-00C04F79EFBC}") = "03. MMSA of N Numbers", "03. MMSA of N Numbers\03. MMSA of N Numbers.csproj", "{C7ABC4D6-3A12-41F8-B25B-762A64D186CA}"
EndProject
Project("{FAE04EC0-301F-11D3-BF4B-00C04F79EFBC}") = "04. Print a Deck", "04. Print a Deck\04. Print a Deck.csproj", "{3321A7FC-EB6B-4D72-8B19-79DB70F186A2}"
EndProject
Project("{FAE04EC0-301F-11D3-BF4B-00C04F79EFBC}") = "05. Calculate!", "05. Calculate!\05. Calculate!.csproj", "{24F29602-741E-4684-8DBD-8085A4A7CDB4}"
EndProject
Project("{FAE04EC0-301F-11D3-BF4B-00C04F79EFBC}") = "06. Calculate Again!", "06. Calculate Again!\06. Calculate Again!.csproj", "{64B80D15-672C-4FBD-9EE8-65730821A274}"
EndProject
Project("{FAE04EC0-301F-11D3-BF4B-00C04F79EFBC}") = "07. Calculate 3!", "07. Calculate 3!\07. Calculate 3!.csproj", "{805D2571-A5E7-4AD0-8CF9-839A5AD000C5}"
EndProject
Project("{FAE04EC0-301F-11D3-BF4B-00C04F79EFBC}") = "08. Catalan Numbers", "08. Catalan Numbers\08. Catalan Numbers.csproj", "{540D0309-D07F-4ACF-A538-97EDF2CB4E9A}"
EndProject
Project("{FAE04EC0-301F-11D3-BF4B-00C04F79EFBC}") = "09. Matrix of Numbers", "09. Matrix of Numbers\09. Matrix of Numbers.csproj", "{B772BC28-1E7D-4432-99AF-F02E8557E7E2}"
EndProject
Project("{FAE04EC0-301F-11D3-BF4B-00C04F79EFBC}") = "10. Odd and Even Product", "10. Odd and Even Product\10. Odd and Even Product.csproj", "{625EDE0A-6D5D-4035-9B5D-29091FEBAF6C}"
EndProject
Project("{FAE04EC0-301F-11D3-BF4B-00C04F79EFBC}") = "11. Binary to Decimal", "11. Binary to Decimal\11. Binary to Decimal.csproj", "{182423E2-E0DB-4C36-A2A2-545E9E7FBE70}"
EndProject
Project("{FAE04EC0-301F-11D3-BF4B-00C04F79EFBC}") = "12. Decimal to Binary", "12. Decimal to Binary\12. Decimal to Binary.csproj", "{57427310-B8C5-4E27-BB2A-7D74E1E3FCC3}"
EndProject
Project("{FAE04EC0-301F-11D3-BF4B-00C04F79EFBC}") = "13. Decimal to Hex", "13. Decimal to Hex\13. Decimal to Hex.csproj", "{02F7957D-685D-400B-BDB4-68FB1D516426}"
EndProject
Project("{FAE04EC0-301F-11D3-BF4B-00C04F79EFBC}") = "14. Hex to Decimal", "14. Hex to Decimal\14. Hex to Decimal.csproj", "{8C3A3F32-D95A-45C1-9E1E-1E751FB1AEE7}"
EndProject
Project("{FAE04EC0-301F-11D3-BF4B-00C04F79EFBC}") = "15. GCD", "15. GCD\15. GCD.csproj", "{7D41A725-A02E-4B0F-8C0A-04B7CB304743}"
EndProject
Project("{FAE04EC0-301F-11D3-BF4B-00C04F79EFBC}") = "16. Trailing 0 in N!", "16. Trailing 0 in N!\16. Trailing 0 in N!.csproj", "{F81A668B-14AA-4972-943F-46245400BDF4}"
EndProject
Project("{FAE04EC0-301F-11D3-BF4B-00C04F79EFBC}") = "17. Spiral Matrix", "17. Spiral Matrix\17. Spiral Matrix.csproj", "{EF406913-EDDB-49FC-8066-CD96A2593039}"
EndProject
Global
	GlobalSection(SolutionConfigurationPlatforms) = preSolution
		Debug|Any CPU = Debug|Any CPU
		Debug|ARM = Debug|ARM
		Debug|x64 = Debug|x64
		Debug|x86 = Debug|x86
		Release|Any CPU = Release|Any CPU
		Release|ARM = Release|ARM
		Release|x64 = Release|x64
		Release|x86 = Release|x86
	EndGlobalSection
	GlobalSection(ProjectConfigurationPlatforms) = postSolution
		{FA6B2A65-495E-45E2-B621-F0823AF5D012}.Debug|Any CPU.ActiveCfg = Debug|Any CPU
		{FA6B2A65-495E-45E2-B621-F0823AF5D012}.Debug|Any CPU.Build.0 = Debug|Any CPU
		{FA6B2A65-495E-45E2-B621-F0823AF5D012}.Debug|ARM.ActiveCfg = Debug|Any CPU
		{FA6B2A65-495E-45E2-B621-F0823AF5D012}.Debug|ARM.Build.0 = Debug|Any CPU
		{FA6B2A65-495E-45E2-B621-F0823AF5D012}.Debug|x64.ActiveCfg = Debug|Any CPU
		{FA6B2A65-495E-45E2-B621-F0823AF5D012}.Debug|x64.Build.0 = Debug|Any CPU
		{FA6B2A65-495E-45E2-B621-F0823AF5D012}.Debug|x86.ActiveCfg = Debug|Any CPU
		{FA6B2A65-495E-45E2-B621-F0823AF5D012}.Debug|x86.Build.0 = Debug|Any CPU
		{FA6B2A65-495E-45E2-B621-F0823AF5D012}.Release|Any CPU.ActiveCfg = Release|Any CPU
		{FA6B2A65-495E-45E2-B621-F0823AF5D012}.Release|Any CPU.Build.0 = Release|Any CPU
		{FA6B2A65-495E-45E2-B621-F0823AF5D012}.Release|ARM.ActiveCfg = Release|Any CPU
		{FA6B2A65-495E-45E2-B621-F0823AF5D012}.Release|ARM.Build.0 = Release|Any CPU
		{FA6B2A65-495E-45E2-B621-F0823AF5D012}.Release|x64.ActiveCfg = Release|Any CPU
		{FA6B2A65-495E-45E2-B621-F0823AF5D012}.Release|x64.Build.0 = Release|Any CPU
		{FA6B2A65-495E-45E2-B621-F0823AF5D012}.Release|x86.ActiveCfg = Release|Any CPU
		{FA6B2A65-495E-45E2-B621-F0823AF5D012}.Release|x86.Build.0 = Release|Any CPU
		{E51EE186-D0AD-4913-BFE7-93D5FAB9E4A9}.Debug|Any CPU.ActiveCfg = Debug|Any CPU
		{E51EE186-D0AD-4913-BFE7-93D5FAB9E4A9}.Debug|Any CPU.Build.0 = Debug|Any CPU
		{E51EE186-D0AD-4913-BFE7-93D5FAB9E4A9}.Debug|ARM.ActiveCfg = Debug|Any CPU
		{E51EE186-D0AD-4913-BFE7-93D5FAB9E4A9}.Debug|ARM.Build.0 = Debug|Any CPU
		{E51EE186-D0AD-4913-BFE7-93D5FAB9E4A9}.Debug|x64.ActiveCfg = Debug|Any CPU
		{E51EE186-D0AD-4913-BFE7-93D5FAB9E4A9}.Debug|x64.Build.0 = Debug|Any CPU
		{E51EE186-D0AD-4913-BFE7-93D5FAB9E4A9}.Debug|x86.ActiveCfg = Debug|Any CPU
		{E51EE186-D0AD-4913-BFE7-93D5FAB9E4A9}.Debug|x86.Build.0 = Debug|Any CPU
		{E51EE186-D0AD-4913-BFE7-93D5FAB9E4A9}.Release|Any CPU.ActiveCfg = Release|Any CPU
		{E51EE186-D0AD-4913-BFE7-93D5FAB9E4A9}.Release|Any CPU.Build.0 = Release|Any CPU
		{E51EE186-D0AD-4913-BFE7-93D5FAB9E4A9}.Release|ARM.ActiveCfg = Release|Any CPU
		{E51EE186-D0AD-4913-BFE7-93D5FAB9E4A9}.Release|ARM.Build.0 = Release|Any CPU
		{E51EE186-D0AD-4913-BFE7-93D5FAB9E4A9}.Release|x64.ActiveCfg = Release|Any CPU
		{E51EE186-D0AD-4913-BFE7-93D5FAB9E4A9}.Release|x64.Build.0 = Release|Any CPU
		{E51EE186-D0AD-4913-BFE7-93D5FAB9E4A9}.Release|x86.ActiveCfg = Release|Any CPU
		{E51EE186-D0AD-4913-BFE7-93D5FAB9E4A9}.Release|x86.Build.0 = Release|Any CPU
		{C7ABC4D6-3A12-41F8-B25B-762A64D186CA}.Debug|Any CPU.ActiveCfg = Debug|Any CPU
		{C7ABC4D6-3A12-41F8-B25B-762A64D186CA}.Debug|Any CPU.Build.0 = Debug|Any CPU
		{C7ABC4D6-3A12-41F8-B25B-762A64D186CA}.Debug|ARM.ActiveCfg = Debug|Any CPU
		{C7ABC4D6-3A12-41F8-B25B-762A64D186CA}.Debug|ARM.Build.0 = Debug|Any CPU
		{C7ABC4D6-3A12-41F8-B25B-762A64D186CA}.Debug|x64.ActiveCfg = Debug|Any CPU
		{C7ABC4D6-3A12-41F8-B25B-762A64D186CA}.Debug|x64.Build.0 = Debug|Any CPU
		{C7ABC4D6-3A12-41F8-B25B-762A64D186CA}.Debug|x86.ActiveCfg = Debug|Any CPU
		{C7ABC4D6-3A12-41F8-B25B-762A64D186CA}.Debug|x86.Build.0 = Debug|Any CPU
		{C7ABC4D6-3A12-41F8-B25B-762A64D186CA}.Release|Any CPU.ActiveCfg = Release|Any CPU
		{C7ABC4D6-3A12-41F8-B25B-762A64D186CA}.Release|Any CPU.Build.0 = Release|Any CPU
		{C7ABC4D6-3A12-41F8-B25B-762A64D186CA}.Release|ARM.ActiveCfg = Release|Any CPU
		{C7ABC4D6-3A12-41F8-B25B-762A64D186CA}.Release|ARM.Build.0 = Release|Any CPU
		{C7ABC4D6-3A12-41F8-B25B-762A64D186CA}.Release|x64.ActiveCfg = Release|Any CPU
		{C7ABC4D6-3A12-41F8-B25B-762A64D186CA}.Release|x64.Build.0 = Release|Any CPU
		{C7ABC4D6-3A12-41F8-B25B-762A64D186CA}.Release|x86.ActiveCfg = Release|Any CPU
		{C7ABC4D6-3A12-41F8-B25B-762A64D186CA}.Release|x86.Build.0 = Release|Any CPU
		{3321A7FC-EB6B-4D72-8B19-79DB70F186A2}.Debug|Any CPU.ActiveCfg = Debug|Any CPU
		{3321A7FC-EB6B-4D72-8B19-79DB70F186A2}.Debug|Any CPU.Build.0 = Debug|Any CPU
		{3321A7FC-EB6B-4D72-8B19-79DB70F186A2}.Debug|ARM.ActiveCfg = Debug|Any CPU
		{3321A7FC-EB6B-4D72-8B19-79DB70F186A2}.Debug|ARM.Build.0 = Debug|Any CPU
		{3321A7FC-EB6B-4D72-8B19-79DB70F186A2}.Debug|x64.ActiveCfg = Debug|Any CPU
		{3321A7FC-EB6B-4D72-8B19-79DB70F186A2}.Debug|x64.Build.0 = Debug|Any CPU
		{3321A7FC-EB6B-4D72-8B19-79DB70F186A2}.Debug|x86.ActiveCfg = Debug|Any CPU
		{3321A7FC-EB6B-4D72-8B19-79DB70F186A2}.Debug|x86.Build.0 = Debug|Any CPU
		{3321A7FC-EB6B-4D72-8B19-79DB70F186A2}.Release|Any CPU.ActiveCfg = Release|Any CPU
		{3321A7FC-EB6B-4D72-8B19-79DB70F186A2}.Release|Any CPU.Build.0 = Release|Any CPU
		{3321A7FC-EB6B-4D72-8B19-79DB70F186A2}.Release|ARM.ActiveCfg = Release|Any CPU
		{3321A7FC-EB6B-4D72-8B19-79DB70F186A2}.Release|ARM.Build.0 = Release|Any CPU
		{3321A7FC-EB6B-4D72-8B19-79DB70F186A2}.Release|x64.ActiveCfg = Release|Any CPU
		{3321A7FC-EB6B-4D72-8B19-79DB70F186A2}.Release|x64.Build.0 = Release|Any CPU
		{3321A7FC-EB6B-4D72-8B19-79DB70F186A2}.Release|x86.ActiveCfg = Release|Any CPU
		{3321A7FC-EB6B-4D72-8B19-79DB70F186A2}.Release|x86.Build.0 = Release|Any CPU
		{24F29602-741E-4684-8DBD-8085A4A7CDB4}.Debug|Any CPU.ActiveCfg = Debug|Any CPU
		{24F29602-741E-4684-8DBD-8085A4A7CDB4}.Debug|Any CPU.Build.0 = Debug|Any CPU
		{24F29602-741E-4684-8DBD-8085A4A7CDB4}.Debug|ARM.ActiveCfg = Debug|Any CPU
		{24F29602-741E-4684-8DBD-8085A4A7CDB4}.Debug|ARM.Build.0 = Debug|Any CPU
		{24F29602-741E-4684-8DBD-8085A4A7CDB4}.Debug|x64.ActiveCfg = Debug|Any CPU
		{24F29602-741E-4684-8DBD-8085A4A7CDB4}.Debug|x64.Build.0 = Debug|Any CPU
		{24F29602-741E-4684-8DBD-8085A4A7CDB4}.Debug|x86.ActiveCfg = Debug|Any CPU
		{24F29602-741E-4684-8DBD-8085A4A7CDB4}.Debug|x86.Build.0 = Debug|Any CPU
		{24F29602-741E-4684-8DBD-8085A4A7CDB4}.Release|Any CPU.ActiveCfg = Release|Any CPU
		{24F29602-741E-4684-8DBD-8085A4A7CDB4}.Release|Any CPU.Build.0 = Release|Any CPU
		{24F29602-741E-4684-8DBD-8085A4A7CDB4}.Release|ARM.ActiveCfg = Release|Any CPU
		{24F29602-741E-4684-8DBD-8085A4A7CDB4}.Release|ARM.Build.0 = Release|Any CPU
		{24F29602-741E-4684-8DBD-8085A4A7CDB4}.Release|x64.ActiveCfg = Release|Any CPU
		{24F29602-741E-4684-8DBD-8085A4A7CDB4}.Release|x64.Build.0 = Release|Any CPU
		{24F29602-741E-4684-8DBD-8085A4A7CDB4}.Release|x86.ActiveCfg = Release|Any CPU
		{24F29602-741E-4684-8DBD-8085A4A7CDB4}.Release|x86.Build.0 = Release|Any CPU
		{64B80D15-672C-4FBD-9EE8-65730821A274}.Debug|Any CPU.ActiveCfg = Debug|Any CPU
		{64B80D15-672C-4FBD-9EE8-65730821A274}.Debug|Any CPU.Build.0 = Debug|Any CPU
		{64B80D15-672C-4FBD-9EE8-65730821A274}.Debug|ARM.ActiveCfg = Debug|Any CPU
		{64B80D15-672C-4FBD-9EE8-65730821A274}.Debug|ARM.Build.0 = Debug|Any CPU
		{64B80D15-672C-4FBD-9EE8-65730821A274}.Debug|x64.ActiveCfg = Debug|Any CPU
		{64B80D15-672C-4FBD-9EE8-65730821A274}.Debug|x64.Build.0 = Debug|Any CPU
		{64B80D15-672C-4FBD-9EE8-65730821A274}.Debug|x86.ActiveCfg = Debug|Any CPU
		{64B80D15-672C-4FBD-9EE8-65730821A274}.Debug|x86.Build.0 = Debug|Any CPU
		{64B80D15-672C-4FBD-9EE8-65730821A274}.Release|Any CPU.ActiveCfg = Release|Any CPU
		{64B80D15-672C-4FBD-9EE8-65730821A274}.Release|Any CPU.Build.0 = Release|Any CPU
		{64B80D15-672C-4FBD-9EE8-65730821A274}.Release|ARM.ActiveCfg = Release|Any CPU
		{64B80D15-672C-4FBD-9EE8-65730821A274}.Release|ARM.Build.0 = Release|Any CPU
		{64B80D15-672C-4FBD-9EE8-65730821A274}.Release|x64.ActiveCfg = Release|Any CPU
		{64B80D15-672C-4FBD-9EE8-65730821A274}.Release|x64.Build.0 = Release|Any CPU
		{64B80D15-672C-4FBD-9EE8-65730821A274}.Release|x86.ActiveCfg = Release|Any CPU
		{64B80D15-672C-4FBD-9EE8-65730821A274}.Release|x86.Build.0 = Release|Any CPU
		{805D2571-A5E7-4AD0-8CF9-839A5AD000C5}.Debug|Any CPU.ActiveCfg = Debug|Any CPU
		{805D2571-A5E7-4AD0-8CF9-839A5AD000C5}.Debug|Any CPU.Build.0 = Debug|Any CPU
		{805D2571-A5E7-4AD0-8CF9-839A5AD000C5}.Debug|ARM.ActiveCfg = Debug|Any CPU
		{805D2571-A5E7-4AD0-8CF9-839A5AD000C5}.Debug|ARM.Build.0 = Debug|Any CPU
		{805D2571-A5E7-4AD0-8CF9-839A5AD000C5}.Debug|x64.ActiveCfg = Debug|Any CPU
		{805D2571-A5E7-4AD0-8CF9-839A5AD000C5}.Debug|x64.Build.0 = Debug|Any CPU
		{805D2571-A5E7-4AD0-8CF9-839A5AD000C5}.Debug|x86.ActiveCfg = Debug|Any CPU
		{805D2571-A5E7-4AD0-8CF9-839A5AD000C5}.Debug|x86.Build.0 = Debug|Any CPU
		{805D2571-A5E7-4AD0-8CF9-839A5AD000C5}.Release|Any CPU.ActiveCfg = Release|Any CPU
		{805D2571-A5E7-4AD0-8CF9-839A5AD000C5}.Release|Any CPU.Build.0 = Release|Any CPU
		{805D2571-A5E7-4AD0-8CF9-839A5AD000C5}.Release|ARM.ActiveCfg = Release|Any CPU
		{805D2571-A5E7-4AD0-8CF9-839A5AD000C5}.Release|ARM.Build.0 = Release|Any CPU
		{805D2571-A5E7-4AD0-8CF9-839A5AD000C5}.Release|x64.ActiveCfg = Release|Any CPU
		{805D2571-A5E7-4AD0-8CF9-839A5AD000C5}.Release|x64.Build.0 = Release|Any CPU
		{805D2571-A5E7-4AD0-8CF9-839A5AD000C5}.Release|x86.ActiveCfg = Release|Any CPU
		{805D2571-A5E7-4AD0-8CF9-839A5AD000C5}.Release|x86.Build.0 = Release|Any CPU
		{540D0309-D07F-4ACF-A538-97EDF2CB4E9A}.Debug|Any CPU.ActiveCfg = Debug|Any CPU
		{540D0309-D07F-4ACF-A538-97EDF2CB4E9A}.Debug|Any CPU.Build.0 = Debug|Any CPU
		{540D0309-D07F-4ACF-A538-97EDF2CB4E9A}.Debug|ARM.ActiveCfg = Debug|Any CPU
		{540D0309-D07F-4ACF-A538-97EDF2CB4E9A}.Debug|ARM.Build.0 = Debug|Any CPU
		{540D0309-D07F-4ACF-A538-97EDF2CB4E9A}.Debug|x64.ActiveCfg = Debug|Any CPU
		{540D0309-D07F-4ACF-A538-97EDF2CB4E9A}.Debug|x64.Build.0 = Debug|Any CPU
		{540D0309-D07F-4ACF-A538-97EDF2CB4E9A}.Debug|x86.ActiveCfg = Debug|Any CPU
		{540D0309-D07F-4ACF-A538-97EDF2CB4E9A}.Debug|x86.Build.0 = Debug|Any CPU
		{540D0309-D07F-4ACF-A538-97EDF2CB4E9A}.Release|Any CPU.ActiveCfg = Release|Any CPU
		{540D0309-D07F-4ACF-A538-97EDF2CB4E9A}.Release|Any CPU.Build.0 = Release|Any CPU
		{540D0309-D07F-4ACF-A538-97EDF2CB4E9A}.Release|ARM.ActiveCfg = Release|Any CPU
		{540D0309-D07F-4ACF-A538-97EDF2CB4E9A}.Release|ARM.Build.0 = Release|Any CPU
		{540D0309-D07F-4ACF-A538-97EDF2CB4E9A}.Release|x64.ActiveCfg = Release|Any CPU
		{540D0309-D07F-4ACF-A538-97EDF2CB4E9A}.Release|x64.Build.0 = Release|Any CPU
		{540D0309-D07F-4ACF-A538-97EDF2CB4E9A}.Release|x86.ActiveCfg = Release|Any CPU
		{540D0309-D07F-4ACF-A538-97EDF2CB4E9A}.Release|x86.Build.0 = Release|Any CPU
		{B772BC28-1E7D-4432-99AF-F02E8557E7E2}.Debug|Any CPU.ActiveCfg = Debug|Any CPU
		{B772BC28-1E7D-4432-99AF-F02E8557E7E2}.Debug|Any CPU.Build.0 = Debug|Any CPU
		{B772BC28-1E7D-4432-99AF-F02E8557E7E2}.Debug|ARM.ActiveCfg = Debug|Any CPU
		{B772BC28-1E7D-4432-99AF-F02E8557E7E2}.Debug|ARM.Build.0 = Debug|Any CPU
		{B772BC28-1E7D-4432-99AF-F02E8557E7E2}.Debug|x64.ActiveCfg = Debug|Any CPU
		{B772BC28-1E7D-4432-99AF-F02E8557E7E2}.Debug|x64.Build.0 = Debug|Any CPU
		{B772BC28-1E7D-4432-99AF-F02E8557E7E2}.Debug|x86.ActiveCfg = Debug|Any CPU
		{B772BC28-1E7D-4432-99AF-F02E8557E7E2}.Debug|x86.Build.0 = Debug|Any CPU
		{B772BC28-1E7D-4432-99AF-F02E8557E7E2}.Release|Any CPU.ActiveCfg = Release|Any CPU
		{B772BC28-1E7D-4432-99AF-F02E8557E7E2}.Release|Any CPU.Build.0 = Release|Any CPU
		{B772BC28-1E7D-4432-99AF-F02E8557E7E2}.Release|ARM.ActiveCfg = Release|Any CPU
		{B772BC28-1E7D-4432-99AF-F02E8557E7E2}.Release|ARM.Build.0 = Release|Any CPU
		{B772BC28-1E7D-4432-99AF-F02E8557E7E2}.Release|x64.ActiveCfg = Release|Any CPU
		{B772BC28-1E7D-4432-99AF-F02E8557E7E2}.Release|x64.Build.0 = Release|Any CPU
		{B772BC28-1E7D-4432-99AF-F02E8557E7E2}.Release|x86.ActiveCfg = Release|Any CPU
		{B772BC28-1E7D-4432-99AF-F02E8557E7E2}.Release|x86.Build.0 = Release|Any CPU
		{625EDE0A-6D5D-4035-9B5D-29091FEBAF6C}.Debug|Any CPU.ActiveCfg = Debug|Any CPU
		{625EDE0A-6D5D-4035-9B5D-29091FEBAF6C}.Debug|Any CPU.Build.0 = Debug|Any CPU
		{625EDE0A-6D5D-4035-9B5D-29091FEBAF6C}.Debug|ARM.ActiveCfg = Debug|Any CPU
		{625EDE0A-6D5D-4035-9B5D-29091FEBAF6C}.Debug|ARM.Build.0 = Debug|Any CPU
		{625EDE0A-6D5D-4035-9B5D-29091FEBAF6C}.Debug|x64.ActiveCfg = Debug|Any CPU
		{625EDE0A-6D5D-4035-9B5D-29091FEBAF6C}.Debug|x64.Build.0 = Debug|Any CPU
		{625EDE0A-6D5D-4035-9B5D-29091FEBAF6C}.Debug|x86.ActiveCfg = Debug|Any CPU
		{625EDE0A-6D5D-4035-9B5D-29091FEBAF6C}.Debug|x86.Build.0 = Debug|Any CPU
		{625EDE0A-6D5D-4035-9B5D-29091FEBAF6C}.Release|Any CPU.ActiveCfg = Release|Any CPU
		{625EDE0A-6D5D-4035-9B5D-29091FEBAF6C}.Release|Any CPU.Build.0 = Release|Any CPU
		{625EDE0A-6D5D-4035-9B5D-29091FEBAF6C}.Release|ARM.ActiveCfg = Release|Any CPU
		{625EDE0A-6D5D-4035-9B5D-29091FEBAF6C}.Release|ARM.Build.0 = Release|Any CPU
		{625EDE0A-6D5D-4035-9B5D-29091FEBAF6C}.Release|x64.ActiveCfg = Release|Any CPU
		{625EDE0A-6D5D-4035-9B5D-29091FEBAF6C}.Release|x64.Build.0 = Release|Any CPU
		{625EDE0A-6D5D-4035-9B5D-29091FEBAF6C}.Release|x86.ActiveCfg = Release|Any CPU
		{625EDE0A-6D5D-4035-9B5D-29091FEBAF6C}.Release|x86.Build.0 = Release|Any CPU
		{182423E2-E0DB-4C36-A2A2-545E9E7FBE70}.Debug|Any CPU.ActiveCfg = Debug|Any CPU
		{182423E2-E0DB-4C36-A2A2-545E9E7FBE70}.Debug|Any CPU.Build.0 = Debug|Any CPU
		{182423E2-E0DB-4C36-A2A2-545E9E7FBE70}.Debug|ARM.ActiveCfg = Debug|Any CPU
		{182423E2-E0DB-4C36-A2A2-545E9E7FBE70}.Debug|ARM.Build.0 = Debug|Any CPU
		{182423E2-E0DB-4C36-A2A2-545E9E7FBE70}.Debug|x64.ActiveCfg = Debug|Any CPU
		{182423E2-E0DB-4C36-A2A2-545E9E7FBE70}.Debug|x64.Build.0 = Debug|Any CPU
		{182423E2-E0DB-4C36-A2A2-545E9E7FBE70}.Debug|x86.ActiveCfg = Debug|Any CPU
		{182423E2-E0DB-4C36-A2A2-545E9E7FBE70}.Debug|x86.Build.0 = Debug|Any CPU
		{182423E2-E0DB-4C36-A2A2-545E9E7FBE70}.Release|Any CPU.ActiveCfg = Release|Any CPU
		{182423E2-E0DB-4C36-A2A2-545E9E7FBE70}.Release|Any CPU.Build.0 = Release|Any CPU
		{182423E2-E0DB-4C36-A2A2-545E9E7FBE70}.Release|ARM.ActiveCfg = Release|Any CPU
		{182423E2-E0DB-4C36-A2A2-545E9E7FBE70}.Release|ARM.Build.0 = Release|Any CPU
		{182423E2-E0DB-4C36-A2A2-545E9E7FBE70}.Release|x64.ActiveCfg = Release|Any CPU
		{182423E2-E0DB-4C36-A2A2-545E9E7FBE70}.Release|x64.Build.0 = Release|Any CPU
		{182423E2-E0DB-4C36-A2A2-545E9E7FBE70}.Release|x86.ActiveCfg = Release|Any CPU
		{182423E2-E0DB-4C36-A2A2-545E9E7FBE70}.Release|x86.Build.0 = Release|Any CPU
		{57427310-B8C5-4E27-BB2A-7D74E1E3FCC3}.Debug|Any CPU.ActiveCfg = Debug|Any CPU
		{57427310-B8C5-4E27-BB2A-7D74E1E3FCC3}.Debug|Any CPU.Build.0 = Debug|Any CPU
		{57427310-B8C5-4E27-BB2A-7D74E1E3FCC3}.Debug|ARM.ActiveCfg = Debug|Any CPU
		{57427310-B8C5-4E27-BB2A-7D74E1E3FCC3}.Debug|ARM.Build.0 = Debug|Any CPU
		{57427310-B8C5-4E27-BB2A-7D74E1E3FCC3}.Debug|x64.ActiveCfg = Debug|Any CPU
		{57427310-B8C5-4E27-BB2A-7D74E1E3FCC3}.Debug|x64.Build.0 = Debug|Any CPU
		{57427310-B8C5-4E27-BB2A-7D74E1E3FCC3}.Debug|x86.ActiveCfg = Debug|Any CPU
		{57427310-B8C5-4E27-BB2A-7D74E1E3FCC3}.Debug|x86.Build.0 = Debug|Any CPU
		{57427310-B8C5-4E27-BB2A-7D74E1E3FCC3}.Release|Any CPU.ActiveCfg = Release|Any CPU
		{57427310-B8C5-4E27-BB2A-7D74E1E3FCC3}.Release|Any CPU.Build.0 = Release|Any CPU
		{57427310-B8C5-4E27-BB2A-7D74E1E3FCC3}.Release|ARM.ActiveCfg = Release|Any CPU
		{57427310-B8C5-4E27-BB2A-7D74E1E3FCC3}.Release|ARM.Build.0 = Release|Any CPU
		{57427310-B8C5-4E27-BB2A-7D74E1E3FCC3}.Release|x64.ActiveCfg = Release|Any CPU
		{57427310-B8C5-4E27-BB2A-7D74E1E3FCC3}.Release|x64.Build.0 = Release|Any CPU
		{57427310-B8C5-4E27-BB2A-7D74E1E3FCC3}.Release|x86.ActiveCfg = Release|Any CPU
		{57427310-B8C5-4E27-BB2A-7D74E1E3FCC3}.Release|x86.Build.0 = Release|Any CPU
		{02F7957D-685D-400B-BDB4-68FB1D516426}.Debug|Any CPU.ActiveCfg = Debug|Any CPU
		{02F7957D-685D-400B-BDB4-68FB1D516426}.Debug|Any CPU.Build.0 = Debug|Any CPU
		{02F7957D-685D-400B-BDB4-68FB1D516426}.Debug|ARM.ActiveCfg = Debug|Any CPU
		{02F7957D-685D-400B-BDB4-68FB1D516426}.Debug|ARM.Build.0 = Debug|Any CPU
		{02F7957D-685D-400B-BDB4-68FB1D516426}.Debug|x64.ActiveCfg = Debug|Any CPU
		{02F7957D-685D-400B-BDB4-68FB1D516426}.Debug|x64.Build.0 = Debug|Any CPU
		{02F7957D-685D-400B-BDB4-68FB1D516426}.Debug|x86.ActiveCfg = Debug|Any CPU
		{02F7957D-685D-400B-BDB4-68FB1D516426}.Debug|x86.Build.0 = Debug|Any CPU
		{02F7957D-685D-400B-BDB4-68FB1D516426}.Release|Any CPU.ActiveCfg = Release|Any CPU
		{02F7957D-685D-400B-BDB4-68FB1D516426}.Release|Any CPU.Build.0 = Release|Any CPU
		{02F7957D-685D-400B-BDB4-68FB1D516426}.Release|ARM.ActiveCfg = Release|Any CPU
		{02F7957D-685D-400B-BDB4-68FB1D516426}.Release|ARM.Build.0 = Release|Any CPU
		{02F7957D-685D-400B-BDB4-68FB1D516426}.Release|x64.ActiveCfg = Release|Any CPU
		{02F7957D-685D-400B-BDB4-68FB1D516426}.Release|x64.Build.0 = Release|Any CPU
		{02F7957D-685D-400B-BDB4-68FB1D516426}.Release|x86.ActiveCfg = Release|Any CPU
		{02F7957D-685D-400B-BDB4-68FB1D516426}.Release|x86.Build.0 = Release|Any CPU
		{8C3A3F32-D95A-45C1-9E1E-1E751FB1AEE7}.Debug|Any CPU.ActiveCfg = Debug|Any CPU
		{8C3A3F32-D95A-45C1-9E1E-1E751FB1AEE7}.Debug|Any CPU.Build.0 = Debug|Any CPU
		{8C3A3F32-D95A-45C1-9E1E-1E751FB1AEE7}.Debug|ARM.ActiveCfg = Debug|Any CPU
		{8C3A3F32-D95A-45C1-9E1E-1E751FB1AEE7}.Debug|ARM.Build.0 = Debug|Any CPU
		{8C3A3F32-D95A-45C1-9E1E-1E751FB1AEE7}.Debug|x64.ActiveCfg = Debug|Any CPU
		{8C3A3F32-D95A-45C1-9E1E-1E751FB1AEE7}.Debug|x64.Build.0 = Debug|Any CPU
		{8C3A3F32-D95A-45C1-9E1E-1E751FB1AEE7}.Debug|x86.ActiveCfg = Debug|Any CPU
		{8C3A3F32-D95A-45C1-9E1E-1E751FB1AEE7}.Debug|x86.Build.0 = Debug|Any CPU
		{8C3A3F32-D95A-45C1-9E1E-1E751FB1AEE7}.Release|Any CPU.ActiveCfg = Release|Any CPU
		{8C3A3F32-D95A-45C1-9E1E-1E751FB1AEE7}.Release|Any CPU.Build.0 = Release|Any CPU
		{8C3A3F32-D95A-45C1-9E1E-1E751FB1AEE7}.Release|ARM.ActiveCfg = Release|Any CPU
		{8C3A3F32-D95A-45C1-9E1E-1E751FB1AEE7}.Release|ARM.Build.0 = Release|Any CPU
		{8C3A3F32-D95A-45C1-9E1E-1E751FB1AEE7}.Release|x64.ActiveCfg = Release|Any CPU
		{8C3A3F32-D95A-45C1-9E1E-1E751FB1AEE7}.Release|x64.Build.0 = Release|Any CPU
		{8C3A3F32-D95A-45C1-9E1E-1E751FB1AEE7}.Release|x86.ActiveCfg = Release|Any CPU
		{8C3A3F32-D95A-45C1-9E1E-1E751FB1AEE7}.Release|x86.Build.0 = Release|Any CPU
		{7D41A725-A02E-4B0F-8C0A-04B7CB304743}.Debug|Any CPU.ActiveCfg = Debug|Any CPU
		{7D41A725-A02E-4B0F-8C0A-04B7CB304743}.Debug|Any CPU.Build.0 = Debug|Any CPU
		{7D41A725-A02E-4B0F-8C0A-04B7CB304743}.Debug|ARM.ActiveCfg = Debug|Any CPU
		{7D41A725-A02E-4B0F-8C0A-04B7CB304743}.Debug|ARM.Build.0 = Debug|Any CPU
		{7D41A725-A02E-4B0F-8C0A-04B7CB304743}.Debug|x64.ActiveCfg = Debug|Any CPU
		{7D41A725-A02E-4B0F-8C0A-04B7CB304743}.Debug|x64.Build.0 = Debug|Any CPU
		{7D41A725-A02E-4B0F-8C0A-04B7CB304743}.Debug|x86.ActiveCfg = Debug|Any CPU
		{7D41A725-A02E-4B0F-8C0A-04B7CB304743}.Debug|x86.Build.0 = Debug|Any CPU
		{7D41A725-A02E-4B0F-8C0A-04B7CB304743}.Release|Any CPU.ActiveCfg = Release|Any CPU
		{7D41A725-A02E-4B0F-8C0A-04B7CB304743}.Release|Any CPU.Build.0 = Release|Any CPU
		{7D41A725-A02E-4B0F-8C0A-04B7CB304743}.Release|ARM.ActiveCfg = Release|Any CPU
		{7D41A725-A02E-4B0F-8C0A-04B7CB304743}.Release|ARM.Build.0 = Release|Any CPU
		{7D41A725-A02E-4B0F-8C0A-04B7CB304743}.Release|x64.ActiveCfg = Release|Any CPU
		{7D41A725-A02E-4B0F-8C0A-04B7CB304743}.Release|x64.Build.0 = Release|Any CPU
		{7D41A725-A02E-4B0F-8C0A-04B7CB304743}.Release|x86.ActiveCfg = Release|Any CPU
		{7D41A725-A02E-4B0F-8C0A-04B7CB304743}.Release|x86.Build.0 = Release|Any CPU
		{F81A668B-14AA-4972-943F-46245400BDF4}.Debug|Any CPU.ActiveCfg = Debug|Any CPU
		{F81A668B-14AA-4972-943F-46245400BDF4}.Debug|Any CPU.Build.0 = Debug|Any CPU
		{F81A668B-14AA-4972-943F-46245400BDF4}.Debug|ARM.ActiveCfg = Debug|Any CPU
		{F81A668B-14AA-4972-943F-46245400BDF4}.Debug|ARM.Build.0 = Debug|Any CPU
		{F81A668B-14AA-4972-943F-46245400BDF4}.Debug|x64.ActiveCfg = Debug|Any CPU
		{F81A668B-14AA-4972-943F-46245400BDF4}.Debug|x64.Build.0 = Debug|Any CPU
		{F81A668B-14AA-4972-943F-46245400BDF4}.Debug|x86.ActiveCfg = Debug|Any CPU
		{F81A668B-14AA-4972-943F-46245400BDF4}.Debug|x86.Build.0 = Debug|Any CPU
		{F81A668B-14AA-4972-943F-46245400BDF4}.Release|Any CPU.ActiveCfg = Release|Any CPU
		{F81A668B-14AA-4972-943F-46245400BDF4}.Release|Any CPU.Build.0 = Release|Any CPU
		{F81A668B-14AA-4972-943F-46245400BDF4}.Release|ARM.ActiveCfg = Release|Any CPU
		{F81A668B-14AA-4972-943F-46245400BDF4}.Release|ARM.Build.0 = Release|Any CPU
		{F81A668B-14AA-4972-943F-46245400BDF4}.Release|x64.ActiveCfg = Release|Any CPU
		{F81A668B-14AA-4972-943F-46245400BDF4}.Release|x64.Build.0 = Release|Any CPU
		{F81A668B-14AA-4972-943F-46245400BDF4}.Release|x86.ActiveCfg = Release|Any CPU
		{F81A668B-14AA-4972-943F-46245400BDF4}.Release|x86.Build.0 = Release|Any CPU
		{EF406913-EDDB-49FC-8066-CD96A2593039}.Debug|Any CPU.ActiveCfg = Debug|Any CPU
		{EF406913-EDDB-49FC-8066-CD96A2593039}.Debug|Any CPU.Build.0 = Debug|Any CPU
		{EF406913-EDDB-49FC-8066-CD96A2593039}.Debug|ARM.ActiveCfg = Debug|Any CPU
		{EF406913-EDDB-49FC-8066-CD96A2593039}.Debug|ARM.Build.0 = Debug|Any CPU
		{EF406913-EDDB-49FC-8066-CD96A2593039}.Debug|x64.ActiveCfg = Debug|Any CPU
		{EF406913-EDDB-49FC-8066-CD96A2593039}.Debug|x64.Build.0 = Debug|Any CPU
		{EF406913-EDDB-49FC-8066-CD96A2593039}.Debug|x86.ActiveCfg = Debug|Any CPU
		{EF406913-EDDB-49FC-8066-CD96A2593039}.Debug|x86.Build.0 = Debug|Any CPU
		{EF406913-EDDB-49FC-8066-CD96A2593039}.Release|Any CPU.ActiveCfg = Release|Any CPU
		{EF406913-EDDB-49FC-8066-CD96A2593039}.Release|Any CPU.Build.0 = Release|Any CPU
		{EF406913-EDDB-49FC-8066-CD96A2593039}.Release|ARM.ActiveCfg = Release|Any CPU
		{EF406913-EDDB-49FC-8066-CD96A2593039}.Release|ARM.Build.0 = Release|Any CPU
		{EF406913-EDDB-49FC-8066-CD96A2593039}.Release|x64.ActiveCfg = Release|Any CPU
		{EF406913-EDDB-49FC-8066-CD96A2593039}.Release|x64.Build.0 = Release|Any CPU
		{EF406913-EDDB-49FC-8066-CD96A2593039}.Release|x86.ActiveCfg = Release|Any CPU
		{EF406913-EDDB-49FC-8066-CD96A2593039}.Release|x86.Build.0 = Release|Any CPU
	EndGlobalSection
	GlobalSection(SolutionProperties) = preSolution
		HideSolutionNode = FALSE
	EndGlobalSection
EndGlobal
